
Microsoft Visual Studio Solution File, Format Version 12.00
# Visual Studio 15
VisualStudioVersion = 15.0.27703.2000
MinimumVisualStudioVersion = 10.0.40219.1
Project("{F184B08F-C81C-45F6-A57F-5ABD9991F28F}") = "PHADS", "PHADS\PHADS.vbproj", "{4BF32FCA-C335-444F-B00A-632885DF5D79}"
EndProject
Global
	GlobalSection(SolutionConfigurationPlatforms) = preSolution
		Debug|Any CPU = Debug|Any CPU
		Release|Any CPU = Release|Any CPU
	EndGlobalSection
	GlobalSection(ProjectConfigurationPlatforms) = postSolution
		{4BF32FCA-C335-444F-B00A-632885DF5D79}.Debug|Any CPU.ActiveCfg = Debug|Any CPU
		{4BF32FCA-C335-444F-B00A-632885DF5D79}.Debug|Any CPU.Build.0 = Debug|Any CPU
		{4BF32FCA-C335-444F-B00A-632885DF5D79}.Release|Any CPU.ActiveCfg = Release|Any CPU
		{4BF32FCA-C335-444F-B00A-632885DF5D79}.Release|Any CPU.Build.0 = Release|Any CPU
	EndGlobalSection
	GlobalSection(SolutionProperties) = preSolution
		HideSolutionNode = FALSE
	EndGlobalSection
	GlobalSection(ExtensibilityGlobals) = postSolution
		SolutionGuid = {E95B4862-F157-4B20-83D7-3C06FDBE62E4}
	EndGlobalSection
EndGlobal
